// !$*UTF8*$!
{
	archiveVersion = 1;
	classes = {
	};
	objectVersion = 51;
	objects = {

/* Begin PBXBuildFile section */
		0E2F36692634B1630011C72D /* BaseTabBarViewController.swift in Sources */ = {isa = PBXBuildFile; fileRef = 0E2F36682634B1630011C72D /* BaseTabBarViewController.swift */; };
		0E2F366C2634B1710011C72D /* BuscaViewController.swift in Sources */ = {isa = PBXBuildFile; fileRef = 0E2F366B2634B1710011C72D /* BuscaViewController.swift */; };
		0E334481263ECE1E007240EF /* AppsViewController.swift in Sources */ = {isa = PBXBuildFile; fileRef = 0E334480263ECE1E007240EF /* AppsViewController.swift */; };
		52DC3A0523F0665C008D9078 /* AppDelegate.swift in Sources */ = {isa = PBXBuildFile; fileRef = 52DC3A0423F0665C008D9078 /* AppDelegate.swift */; };
		52DC3A0723F0665C008D9078 /* SceneDelegate.swift in Sources */ = {isa = PBXBuildFile; fileRef = 52DC3A0623F0665C008D9078 /* SceneDelegate.swift */; };
		52DC3A0923F0665C008D9078 /* ViewController.swift in Sources */ = {isa = PBXBuildFile; fileRef = 52DC3A0823F0665C008D9078 /* ViewController.swift */; };
		52DC3A0C23F0665C008D9078 /* Main.storyboard in Resources */ = {isa = PBXBuildFile; fileRef = 52DC3A0A23F0665C008D9078 /* Main.storyboard */; };
		52DC3A0E23F0665D008D9078 /* Assets.xcassets in Resources */ = {isa = PBXBuildFile; fileRef = 52DC3A0D23F0665D008D9078 /* Assets.xcassets */; };
		52DC3A1123F0665D008D9078 /* LaunchScreen.storyboard in Resources */ = {isa = PBXBuildFile; fileRef = 52DC3A0F23F0665D008D9078 /* LaunchScreen.storyboard */; };
		52DC3A2123F07910008D9078 /* BuscaCell.swift in Sources */ = {isa = PBXBuildFile; fileRef = 52DC3A2023F07910008D9078 /* BuscaCell.swift */; };
		52DC3A2723F079D8008D9078 /* UIView.swift in Sources */ = {isa = PBXBuildFile; fileRef = 52DC3A2623F079D8008D9078 /* UIView.swift */; };
		52DC3A2923F07A32008D9078 /* UIImageView.swift in Sources */ = {isa = PBXBuildFile; fileRef = 52DC3A2823F07A32008D9078 /* UIImageView.swift */; };
		52DC3A2B23F07B55008D9078 /* UILabel.swift in Sources */ = {isa = PBXBuildFile; fileRef = 52DC3A2A23F07B55008D9078 /* UILabel.swift */; };
		52DC3A2D23F07D32008D9078 /* UIButton.swift in Sources */ = {isa = PBXBuildFile; fileRef = 52DC3A2C23F07D32008D9078 /* UIButton.swift */; };
		52DC3A2F23F07D8D008D9078 /* UIcolor.swift in Sources */ = {isa = PBXBuildFile; fileRef = 52DC3A2E23F07D8D008D9078 /* UIcolor.swift */; };
		52E979CC23F872BC00292F36 /* BuscaService.swift in Sources */ = {isa = PBXBuildFile; fileRef = 52E979CB23F872BC00292F36 /* BuscaService.swift */; };
		52E979CF23F8778C00292F36 /* App.swift in Sources */ = {isa = PBXBuildFile; fileRef = 52E979CE23F8778C00292F36 /* App.swift */; };
		5B76A5A909321851F6C4043D /* Pods_App_Store.framework in Frameworks */ = {isa = PBXBuildFile; fileRef = 6ED0B9EABDDE1158E4C02851 /* Pods_App_Store.framework */; };
/* End PBXBuildFile section */

/* Begin PBXFileReference section */
		0E2F36682634B1630011C72D /* BaseTabBarViewController.swift */ = {isa = PBXFileReference; fileEncoding = 4; lastKnownFileType = sourcecode.swift; path = BaseTabBarViewController.swift; sourceTree = "<group>"; };
		0E2F366B2634B1710011C72D /* BuscaViewController.swift */ = {isa = PBXFileReference; fileEncoding = 4; lastKnownFileType = sourcecode.swift; path = BuscaViewController.swift; sourceTree = "<group>"; };
		0E334480263ECE1E007240EF /* AppsViewController.swift */ = {isa = PBXFileReference; lastKnownFileType = sourcecode.swift; path = AppsViewController.swift; sourceTree = "<group>"; };
		52DC3A0123F0665C008D9078 /* App Store.app */ = {isa = PBXFileReference; explicitFileType = wrapper.application; includeInIndex = 0; path = "App Store.app"; sourceTree = BUILT_PRODUCTS_DIR; };
		52DC3A0423F0665C008D9078 /* AppDelegate.swift */ = {isa = PBXFileReference; lastKnownFileType = sourcecode.swift; path = AppDelegate.swift; sourceTree = "<group>"; };
		52DC3A0623F0665C008D9078 /* SceneDelegate.swift */ = {isa = PBXFileReference; lastKnownFileType = sourcecode.swift; path = SceneDelegate.swift; sourceTree = "<group>"; };
		52DC3A0823F0665C008D9078 /* ViewController.swift */ = {isa = PBXFileReference; lastKnownFileType = sourcecode.swift; path = ViewController.swift; sourceTree = "<group>"; };
		52DC3A0B23F0665C008D9078 /* Base */ = {isa = PBXFileReference; lastKnownFileType = file.storyboard; name = Base; path = Base.lproj/Main.storyboard; sourceTree = "<group>"; };
		52DC3A0D23F0665D008D9078 /* Assets.xcassets */ = {isa = PBXFileReference; lastKnownFileType = folder.assetcatalog; path = Assets.xcassets; sourceTree = "<group>"; };
		52DC3A1023F0665D008D9078 /* Base */ = {isa = PBXFileReference; lastKnownFileType = file.storyboard; name = Base; path = Base.lproj/LaunchScreen.storyboard; sourceTree = "<group>"; };
		52DC3A1223F0665D008D9078 /* Info.plist */ = {isa = PBXFileReference; lastKnownFileType = text.plist.xml; path = Info.plist; sourceTree = "<group>"; };
		52DC3A2023F07910008D9078 /* BuscaCell.swift */ = {isa = PBXFileReference; lastKnownFileType = sourcecode.swift; path = BuscaCell.swift; sourceTree = "<group>"; };
		52DC3A2623F079D8008D9078 /* UIView.swift */ = {isa = PBXFileReference; fileEncoding = 4; lastKnownFileType = sourcecode.swift; path = UIView.swift; sourceTree = "<group>"; };
		52DC3A2823F07A32008D9078 /* UIImageView.swift */ = {isa = PBXFileReference; lastKnownFileType = sourcecode.swift; path = UIImageView.swift; sourceTree = "<group>"; };
		52DC3A2A23F07B55008D9078 /* UILabel.swift */ = {isa = PBXFileReference; lastKnownFileType = sourcecode.swift; path = UILabel.swift; sourceTree = "<group>"; };
		52DC3A2C23F07D32008D9078 /* UIButton.swift */ = {isa = PBXFileReference; lastKnownFileType = sourcecode.swift; path = UIButton.swift; sourceTree = "<group>"; };
		52DC3A2E23F07D8D008D9078 /* UIcolor.swift */ = {isa = PBXFileReference; lastKnownFileType = sourcecode.swift; path = UIcolor.swift; sourceTree = "<group>"; };
		52E979CB23F872BC00292F36 /* BuscaService.swift */ = {isa = PBXFileReference; lastKnownFileType = sourcecode.swift; path = BuscaService.swift; sourceTree = "<group>"; };
		52E979CE23F8778C00292F36 /* App.swift */ = {isa = PBXFileReference; lastKnownFileType = sourcecode.swift; path = App.swift; sourceTree = "<group>"; };
		6ED0B9EABDDE1158E4C02851 /* Pods_App_Store.framework */ = {isa = PBXFileReference; explicitFileType = wrapper.framework; includeInIndex = 0; path = Pods_App_Store.framework; sourceTree = BUILT_PRODUCTS_DIR; };
		D7530D3E7B90B85CCC66FFCC /* Pods-App Store.debug.xcconfig */ = {isa = PBXFileReference; includeInIndex = 1; lastKnownFileType = text.xcconfig; name = "Pods-App Store.debug.xcconfig"; path = "Target Support Files/Pods-App Store/Pods-App Store.debug.xcconfig"; sourceTree = "<group>"; };
		F143E3789481FD6F80B41541 /* Pods-App Store.release.xcconfig */ = {isa = PBXFileReference; includeInIndex = 1; lastKnownFileType = text.xcconfig; name = "Pods-App Store.release.xcconfig"; path = "Target Support Files/Pods-App Store/Pods-App Store.release.xcconfig"; sourceTree = "<group>"; };
/* End PBXFileReference section */

/* Begin PBXFrameworksBuildPhase section */
		52DC39FE23F0665C008D9078 /* Frameworks */ = {
			isa = PBXFrameworksBuildPhase;
			buildActionMask = 2147483647;
			files = (
				5B76A5A909321851F6C4043D /* Pods_App_Store.framework in Frameworks */,
			);
			runOnlyForDeploymentPostprocessing = 0;
		};
/* End PBXFrameworksBuildPhase section */

/* Begin PBXGroup section */
		0E33447F263ECE01007240EF /* Apps */ = {
			isa = PBXGroup;
			children = (
				0E334480263ECE1E007240EF /* AppsViewController.swift */,
			);
			path = Apps;
			sourceTree = "<group>";
		};
		2C2A4827835AE4485138ABD3 /* Frameworks */ = {
			isa = PBXGroup;
			children = (
				6ED0B9EABDDE1158E4C02851 /* Pods_App_Store.framework */,
			);
			name = Frameworks;
			sourceTree = "<group>";
		};
		52DC39F823F0665C008D9078 = {
			isa = PBXGroup;
			children = (
				52DC3A0323F0665C008D9078 /* App Store */,
				52DC3A0223F0665C008D9078 /* Products */,
				76BB7197E217AA1CF95287D4 /* Pods */,
				2C2A4827835AE4485138ABD3 /* Frameworks */,
			);
			sourceTree = "<group>";
		};
		52DC3A0223F0665C008D9078 /* Products */ = {
			isa = PBXGroup;
			children = (
				52DC3A0123F0665C008D9078 /* App Store.app */,
			);
			name = Products;
			sourceTree = "<group>";
		};
		52DC3A0323F0665C008D9078 /* App Store */ = {
			isa = PBXGroup;
			children = (
				52E979CD23F8778400292F36 /* Model */,
				52E979CA23F872AF00292F36 /* Service */,
				52DC3A2323F079B9008D9078 /* Lib */,
				52DC3A1E23F078FF008D9078 /* View */,
				52DC3A1823F066EE008D9078 /* Controller */,
				52DC3A0423F0665C008D9078 /* AppDelegate.swift */,
				52DC3A0623F0665C008D9078 /* SceneDelegate.swift */,
				52DC3A0823F0665C008D9078 /* ViewController.swift */,
				52DC3A0A23F0665C008D9078 /* Main.storyboard */,
				52DC3A0D23F0665D008D9078 /* Assets.xcassets */,
				52DC3A0F23F0665D008D9078 /* LaunchScreen.storyboard */,
				52DC3A1223F0665D008D9078 /* Info.plist */,
			);
			path = "App Store";
			sourceTree = "<group>";
		};
		52DC3A1823F066EE008D9078 /* Controller */ = {
			isa = PBXGroup;
			children = (
				0E33447F263ECE01007240EF /* Apps */,
				52DC3A1B23F07577008D9078 /* Busca */,
				0E2F36682634B1630011C72D /* BaseTabBarViewController.swift */,
			);
			path = Controller;
			sourceTree = "<group>";
		};
		52DC3A1B23F07577008D9078 /* Busca */ = {
			isa = PBXGroup;
			children = (
				0E2F366B2634B1710011C72D /* BuscaViewController.swift */,
			);
			path = Busca;
			sourceTree = "<group>";
		};
		52DC3A1E23F078FF008D9078 /* View */ = {
			isa = PBXGroup;
			children = (
				52DC3A1F23F07904008D9078 /* Busca */,
			);
			path = View;
			sourceTree = "<group>";
		};
		52DC3A1F23F07904008D9078 /* Busca */ = {
			isa = PBXGroup;
			children = (
				52DC3A2023F07910008D9078 /* BuscaCell.swift */,
			);
			path = Busca;
			sourceTree = "<group>";
		};
		52DC3A2323F079B9008D9078 /* Lib */ = {
			isa = PBXGroup;
			children = (
				52DC3A2623F079D8008D9078 /* UIView.swift */,
				52DC3A2823F07A32008D9078 /* UIImageView.swift */,
				52DC3A2A23F07B55008D9078 /* UILabel.swift */,
				52DC3A2C23F07D32008D9078 /* UIButton.swift */,
				52DC3A2E23F07D8D008D9078 /* UIcolor.swift */,
			);
			path = Lib;
			sourceTree = "<group>";
		};
		52E979CA23F872AF00292F36 /* Service */ = {
			isa = PBXGroup;
			children = (
				52E979CB23F872BC00292F36 /* BuscaService.swift */,
			);
			path = Service;
			sourceTree = "<group>";
		};
		52E979CD23F8778400292F36 /* Model */ = {
			isa = PBXGroup;
			children = (
				52E979CE23F8778C00292F36 /* App.swift */,
			);
			path = Model;
			sourceTree = "<group>";
		};
		76BB7197E217AA1CF95287D4 /* Pods */ = {
			isa = PBXGroup;
			children = (
				D7530D3E7B90B85CCC66FFCC /* Pods-App Store.debug.xcconfig */,
				F143E3789481FD6F80B41541 /* Pods-App Store.release.xcconfig */,
			);
			path = Pods;
			sourceTree = "<group>";
		};
/* End PBXGroup section */

/* Begin PBXNativeTarget section */
		52DC3A0023F0665C008D9078 /* App Store */ = {
			isa = PBXNativeTarget;
			buildConfigurationList = 52DC3A1523F0665D008D9078 /* Build configuration list for PBXNativeTarget "App Store" */;
			buildPhases = (
				E41E6489AEA31A78DFECA8C0 /* [CP] Check Pods Manifest.lock */,
				52DC39FD23F0665C008D9078 /* Sources */,
				52DC39FE23F0665C008D9078 /* Frameworks */,
				52DC39FF23F0665C008D9078 /* Resources */,
				8A8DE1B55BC58FA944ED3A0D /* [CP] Embed Pods Frameworks */,
			);
			buildRules = (
			);
			dependencies = (
			);
			name = "App Store";
			productName = "App Store";
			productReference = 52DC3A0123F0665C008D9078 /* App Store.app */;
			productType = "com.apple.product-type.application";
		};
/* End PBXNativeTarget section */

/* Begin PBXProject section */
		52DC39F923F0665C008D9078 /* Project object */ = {
			isa = PBXProject;
			attributes = {
				LastSwiftUpdateCheck = 1130;
				LastUpgradeCheck = 1130;
				ORGANIZATIONNAME = "Tiago Oliveira";
				TargetAttributes = {
					52DC3A0023F0665C008D9078 = {
						CreatedOnToolsVersion = 11.3.1;
					};
				};
			};
			buildConfigurationList = 52DC39FC23F0665C008D9078 /* Build configuration list for PBXProject "App Store" */;
			compatibilityVersion = "Xcode 9.3";
			developmentRegion = en;
			hasScannedForEncodings = 0;
			knownRegions = (
				en,
				Base,
			);
			mainGroup = 52DC39F823F0665C008D9078;
			productRefGroup = 52DC3A0223F0665C008D9078 /* Products */;
			projectDirPath = "";
			projectRoot = "";
			targets = (
				52DC3A0023F0665C008D9078 /* App Store */,
			);
		};
/* End PBXProject section */

/* Begin PBXResourcesBuildPhase section */
		52DC39FF23F0665C008D9078 /* Resources */ = {
			isa = PBXResourcesBuildPhase;
			buildActionMask = 2147483647;
			files = (
				52DC3A1123F0665D008D9078 /* LaunchScreen.storyboard in Resources */,
				52DC3A0E23F0665D008D9078 /* Assets.xcassets in Resources */,
				52DC3A0C23F0665C008D9078 /* Main.storyboard in Resources */,
			);
			runOnlyForDeploymentPostprocessing = 0;
		};
/* End PBXResourcesBuildPhase section */

/* Begin PBXShellScriptBuildPhase section */
		8A8DE1B55BC58FA944ED3A0D /* [CP] Embed Pods Frameworks */ = {
			isa = PBXShellScriptBuildPhase;
			buildActionMask = 2147483647;
			files = (
			);
			inputFileListPaths = (
				"${PODS_ROOT}/Target Support Files/Pods-App Store/Pods-App Store-frameworks-${CONFIGURATION}-input-files.xcfilelist",
			);
			name = "[CP] Embed Pods Frameworks";
			outputFileListPaths = (
				"${PODS_ROOT}/Target Support Files/Pods-App Store/Pods-App Store-frameworks-${CONFIGURATION}-output-files.xcfilelist",
			);
			runOnlyForDeploymentPostprocessing = 0;
			shellPath = /bin/sh;
			shellScript = "\"${PODS_ROOT}/Target Support Files/Pods-App Store/Pods-App Store-frameworks.sh\"\n";
			showEnvVarsInLog = 0;
		};
		E41E6489AEA31A78DFECA8C0 /* [CP] Check Pods Manifest.lock */ = {
			isa = PBXShellScriptBuildPhase;
			buildActionMask = 2147483647;
			files = (
			);
			inputFileListPaths = (
			);
			inputPaths = (
				"${PODS_PODFILE_DIR_PATH}/Podfile.lock",
				"${PODS_ROOT}/Manifest.lock",
			);
			name = "[CP] Check Pods Manifest.lock";
			outputFileListPaths = (
			);
			outputPaths = (
				"$(DERIVED_FILE_DIR)/Pods-App Store-checkManifestLockResult.txt",
			);
			runOnlyForDeploymentPostprocessing = 0;
			shellPath = /bin/sh;
			shellScript = "diff \"${PODS_PODFILE_DIR_PATH}/Podfile.lock\" \"${PODS_ROOT}/Manifest.lock\" > /dev/null\nif [ $? != 0 ] ; then\n    # print error to STDERR\n    echo \"error: The sandbox is not in sync with the Podfile.lock. Run 'pod install' or update your CocoaPods installation.\" >&2\n    exit 1\nfi\n# This output is used by Xcode 'outputs' to avoid re-running this script phase.\necho \"SUCCESS\" > \"${SCRIPT_OUTPUT_FILE_0}\"\n";
			showEnvVarsInLog = 0;
		};
/* End PBXShellScriptBuildPhase section */

/* Begin PBXSourcesBuildPhase section */
		52DC39FD23F0665C008D9078 /* Sources */ = {
			isa = PBXSourcesBuildPhase;
			buildActionMask = 2147483647;
			files = (
				52E979CF23F8778C00292F36 /* App.swift in Sources */,
				52DC3A2F23F07D8D008D9078 /* UIcolor.swift in Sources */,
				52DC3A2923F07A32008D9078 /* UIImageView.swift in Sources */,
				52DC3A2123F07910008D9078 /* BuscaCell.swift in Sources */,
				52DC3A0923F0665C008D9078 /* ViewController.swift in Sources */,
				52DC3A2B23F07B55008D9078 /* UILabel.swift in Sources */,
				0E2F366C2634B1710011C72D /* BuscaViewController.swift in Sources */,
				0E2F36692634B1630011C72D /* BaseTabBarViewController.swift in Sources */,
				0E334481263ECE1E007240EF /* AppsViewController.swift in Sources */,
				52DC3A2D23F07D32008D9078 /* UIButton.swift in Sources */,
				52DC3A2723F079D8008D9078 /* UIView.swift in Sources */,
				52E979CC23F872BC00292F36 /* BuscaService.swift in Sources */,
				52DC3A0523F0665C008D9078 /* AppDelegate.swift in Sources */,
				52DC3A0723F0665C008D9078 /* SceneDelegate.swift in Sources */,
			);
			runOnlyForDeploymentPostprocessing = 0;
		};
/* End PBXSourcesBuildPhase section */

/* Begin PBXVariantGroup section */
		52DC3A0A23F0665C008D9078 /* Main.storyboard */ = {
			isa = PBXVariantGroup;
			children = (
				52DC3A0B23F0665C008D9078 /* Base */,
			);
			name = Main.storyboard;
			sourceTree = "<group>";
		};
		52DC3A0F23F0665D008D9078 /* LaunchScreen.storyboard */ = {
			isa = PBXVariantGroup;
			children = (
				52DC3A1023F0665D008D9078 /* Base */,
			);
			name = LaunchScreen.storyboard;
			sourceTree = "<group>";
		};
/* End PBXVariantGroup section */

/* Begin XCBuildConfiguration section */
		52DC3A1323F0665D008D9078 /* Debug */ = {
			isa = XCBuildConfiguration;
			buildSettings = {
				ALWAYS_SEARCH_USER_PATHS = NO;
				CLANG_ANALYZER_NONNULL = YES;
				CLANG_ANALYZER_NUMBER_OBJECT_CONVERSION = YES_AGGRESSIVE;
				CLANG_CXX_LANGUAGE_STANDARD = "gnu++14";
				CLANG_CXX_LIBRARY = "libc++";
				CLANG_ENABLE_MODULES = YES;
				CLANG_ENABLE_OBJC_ARC = YES;
				CLANG_ENABLE_OBJC_WEAK = YES;
				CLANG_WARN_BLOCK_CAPTURE_AUTORELEASING = YES;
				CLANG_WARN_BOOL_CONVERSION = YES;
				CLANG_WARN_COMMA = YES;
				CLANG_WARN_CONSTANT_CONVERSION = YES;
				CLANG_WARN_DEPRECATED_OBJC_IMPLEMENTATIONS = YES;
				CLANG_WARN_DIRECT_OBJC_ISA_USAGE = YES_ERROR;
				CLANG_WARN_DOCUMENTATION_COMMENTS = YES;
				CLANG_WARN_EMPTY_BODY = YES;
				CLANG_WARN_ENUM_CONVERSION = YES;
				CLANG_WARN_INFINITE_RECURSION = YES;
				CLANG_WARN_INT_CONVERSION = YES;
				CLANG_WARN_NON_LITERAL_NULL_CONVERSION = YES;
				CLANG_WARN_OBJC_IMPLICIT_RETAIN_SELF = YES;
				CLANG_WARN_OBJC_LITERAL_CONVERSION = YES;
				CLANG_WARN_OBJC_ROOT_CLASS = YES_ERROR;
				CLANG_WARN_RANGE_LOOP_ANALYSIS = YES;
				CLANG_WARN_STRICT_PROTOTYPES = YES;
				CLANG_WARN_SUSPICIOUS_MOVE = YES;
				CLANG_WARN_UNGUARDED_AVAILABILITY = YES_AGGRESSIVE;
				CLANG_WARN_UNREACHABLE_CODE = YES;
				CLANG_WARN__DUPLICATE_METHOD_MATCH = YES;
				COPY_PHASE_STRIP = NO;
				DEBUG_INFORMATION_FORMAT = dwarf;
				ENABLE_STRICT_OBJC_MSGSEND = YES;
				ENABLE_TESTABILITY = YES;
				GCC_C_LANGUAGE_STANDARD = gnu11;
				GCC_DYNAMIC_NO_PIC = NO;
				GCC_NO_COMMON_BLOCKS = YES;
				GCC_OPTIMIZATION_LEVEL = 0;
				GCC_PREPROCESSOR_DEFINITIONS = (
					"DEBUG=1",
					"$(inherited)",
				);
				GCC_WARN_64_TO_32_BIT_CONVERSION = YES;
				GCC_WARN_ABOUT_RETURN_TYPE = YES_ERROR;
				GCC_WARN_UNDECLARED_SELECTOR = YES;
				GCC_WARN_UNINITIALIZED_AUTOS = YES_AGGRESSIVE;
				GCC_WARN_UNUSED_FUNCTION = YES;
				GCC_WARN_UNUSED_VARIABLE = YES;
				IPHONEOS_DEPLOYMENT_TARGET = 13.2;
				MTL_ENABLE_DEBUG_INFO = INCLUDE_SOURCE;
				MTL_FAST_MATH = YES;
				ONLY_ACTIVE_ARCH = YES;
				SDKROOT = iphoneos;
				SWIFT_ACTIVE_COMPILATION_CONDITIONS = DEBUG;
				SWIFT_OPTIMIZATION_LEVEL = "-Onone";
			};
			name = Debug;
		};
		52DC3A1423F0665D008D9078 /* Release */ = {
			isa = XCBuildConfiguration;
			buildSettings = {
				ALWAYS_SEARCH_USER_PATHS = NO;
				CLANG_ANALYZER_NONNULL = YES;
				CLANG_ANALYZER_NUMBER_OBJECT_CONVERSION = YES_AGGRESSIVE;
				CLANG_CXX_LANGUAGE_STANDARD = "gnu++14";
				CLANG_CXX_LIBRARY = "libc++";
				CLANG_ENABLE_MODULES = YES;
				CLANG_ENABLE_OBJC_ARC = YES;
				CLANG_ENABLE_OBJC_WEAK = YES;
				CLANG_WARN_BLOCK_CAPTURE_AUTORELEASING = YES;
				CLANG_WARN_BOOL_CONVERSION = YES;
				CLANG_WARN_COMMA = YES;
				CLANG_WARN_CONSTANT_CONVERSION = YES;
				CLANG_WARN_DEPRECATED_OBJC_IMPLEMENTATIONS = YES;
				CLANG_WARN_DIRECT_OBJC_ISA_USAGE = YES_ERROR;
				CLANG_WARN_DOCUMENTATION_COMMENTS = YES;
				CLANG_WARN_EMPTY_BODY = YES;
				CLANG_WARN_ENUM_CONVERSION = YES;
				CLANG_WARN_INFINITE_RECURSION = YES;
				CLANG_WARN_INT_CONVERSION = YES;
				CLANG_WARN_NON_LITERAL_NULL_CONVERSION = YES;
				CLANG_WARN_OBJC_IMPLICIT_RETAIN_SELF = YES;
				CLANG_WARN_OBJC_LITERAL_CONVERSION = YES;
				CLANG_WARN_OBJC_ROOT_CLASS = YES_ERROR;
				CLANG_WARN_RANGE_LOOP_ANALYSIS = YES;
				CLANG_WARN_STRICT_PROTOTYPES = YES;
				CLANG_WARN_SUSPICIOUS_MOVE = YES;
				CLANG_WARN_UNGUARDED_AVAILABILITY = YES_AGGRESSIVE;
				CLANG_WARN_UNREACHABLE_CODE = YES;
				CLANG_WARN__DUPLICATE_METHOD_MATCH = YES;
				COPY_PHASE_STRIP = NO;
				DEBUG_INFORMATION_FORMAT = "dwarf-with-dsym";
				ENABLE_NS_ASSERTIONS = NO;
				ENABLE_STRICT_OBJC_MSGSEND = YES;
				GCC_C_LANGUAGE_STANDARD = gnu11;
				GCC_NO_COMMON_BLOCKS = YES;
				GCC_WARN_64_TO_32_BIT_CONVERSION = YES;
				GCC_WARN_ABOUT_RETURN_TYPE = YES_ERROR;
				GCC_WARN_UNDECLARED_SELECTOR = YES;
				GCC_WARN_UNINITIALIZED_AUTOS = YES_AGGRESSIVE;
				GCC_WARN_UNUSED_FUNCTION = YES;
				GCC_WARN_UNUSED_VARIABLE = YES;
				IPHONEOS_DEPLOYMENT_TARGET = 13.2;
				MTL_ENABLE_DEBUG_INFO = NO;
				MTL_FAST_MATH = YES;
				SDKROOT = iphoneos;
				SWIFT_COMPILATION_MODE = wholemodule;
				SWIFT_OPTIMIZATION_LEVEL = "-O";
				VALIDATE_PRODUCT = YES;
			};
			name = Release;
		};
		52DC3A1623F0665D008D9078 /* Debug */ = {
			isa = XCBuildConfiguration;
			baseConfigurationReference = D7530D3E7B90B85CCC66FFCC /* Pods-App Store.debug.xcconfig */;
			buildSettings = {
				ASSETCATALOG_COMPILER_APPICON_NAME = AppIcon;
				CODE_SIGN_STYLE = Manual;
				DEVELOPMENT_TEAM = "";
				INFOPLIST_FILE = "App Store/Info.plist";
				LD_RUNPATH_SEARCH_PATHS = (
					"$(inherited)",
					"@executable_path/Frameworks",
				);
				PRODUCT_BUNDLE_IDENTIFIER = "com.icloud.App-Store";
				PRODUCT_NAME = "$(TARGET_NAME)";
				PROVISIONING_PROFILE_SPECIFIER = "";
				SWIFT_VERSION = 5.0;
				TARGETED_DEVICE_FAMILY = "1,2";
			};
			name = Debug;
		};
		52DC3A1723F0665D008D9078 /* Release */ = {
			isa = XCBuildConfiguration;
			baseConfigurationReference = F143E3789481FD6F80B41541 /* Pods-App Store.release.xcconfig */;
			buildSettings = {
				ASSETCATALOG_COMPILER_APPICON_NAME = AppIcon;
				CODE_SIGN_STYLE = Manual;
				DEVELOPMENT_TEAM = "";
				INFOPLIST_FILE = "App Store/Info.plist";
				LD_RUNPATH_SEARCH_PATHS = (
					"$(inherited)",
					"@executable_path/Frameworks",
				);
				PRODUCT_BUNDLE_IDENTIFIER = "com.icloud.App-Store";
				PRODUCT_NAME = "$(TARGET_NAME)";
				PROVISIONING_PROFILE_SPECIFIER = "";
				SWIFT_VERSION = 5.0;
				TARGETED_DEVICE_FAMILY = "1,2";
			};
			name = Release;
		};
/* End XCBuildConfiguration section */

/* Begin XCConfigurationList section */
		52DC39FC23F0665C008D9078 /* Build configuration list for PBXProject "App Store" */ = {
			isa = XCConfigurationList;
			buildConfigurations = (
				52DC3A1323F0665D008D9078 /* Debug */,
				52DC3A1423F0665D008D9078 /* Release */,
			);
			defaultConfigurationIsVisible = 0;
			defaultConfigurationName = Release;
		};
		52DC3A1523F0665D008D9078 /* Build configuration list for PBXNativeTarget "App Store" */ = {
			isa = XCConfigurationList;
			buildConfigurations = (
				52DC3A1623F0665D008D9078 /* Debug */,
				52DC3A1723F0665D008D9078 /* Release */,
			);
			defaultConfigurationIsVisible = 0;
			defaultConfigurationName = Release;
		};
/* End XCConfigurationList section */
	};
	rootObject = 52DC39F923F0665C008D9078 /* Project object */;
}
